
Microsoft Visual Studio Solution File, Format Version 12.00
# Visual Studio Version 16
VisualStudioVersion = 16.0.32428.217
MinimumVisualStudioVersion = 10.0.40219.1
Project("{FAE04EC0-301F-11D3-BF4B-00C04F79EFBC}") = "MathSet_Recycling", "MathSet_Recycling\MathSet_Recycling.csproj", "{BE72A672-6163-4662-91EC-EDFB745546E4}"
EndProject
Global
	GlobalSection(SolutionConfigurationPlatforms) = preSolution
		Debug|Any CPU = Debug|Any CPU
		Release|Any CPU = Release|Any CPU
	EndGlobalSection
	GlobalSection(ProjectConfigurationPlatforms) = postSolution
		{BE72A672-6163-4662-91EC-EDFB745546E4}.Debug|Any CPU.ActiveCfg = Debug|Any CPU
		{BE72A672-6163-4662-91EC-EDFB745546E4}.Debug|Any CPU.Build.0 = Debug|Any CPU
		{BE72A672-6163-4662-91EC-EDFB745546E4}.Release|Any CPU.ActiveCfg = Release|Any CPU
		{BE72A672-6163-4662-91EC-EDFB745546E4}.Release|Any CPU.Build.0 = Release|Any CPU
	EndGlobalSection
	GlobalSection(SolutionProperties) = preSolution
		HideSolutionNode = FALSE
	EndGlobalSection
	GlobalSection(ExtensibilityGlobals) = postSolution
		SolutionGuid = {CEBB9982-3ED1-4DA2-A70F-29EBC54E4EF2}
	EndGlobalSection
EndGlobal
